{
  "requires": true,
  "lockfileVersion": 1,
  "dependencies": {
    "reset-css": {
      "version": "2.2.1",
      "resolved": "https://registry.npmjs.org/reset-css/-/reset-css-2.2.1.tgz",
      "integrity": "sha1-/jIEwMSDGXn7tJZ8kKmS8BZGNe0="
    },
    "undefined": {
      "version": "0.1.0",
      "resolved": "https://registry.npmjs.org/undefined/-/undefined-0.1.0.tgz",
      "integrity": "sha1-m3BqSzKtMMIMpP5l3cu72sMr3tA="
    }
  }
}
